
Microsoft Visual Studio Solution File, Format Version 12.00
# Visual Studio Version 16
VisualStudioVersion = 16.0.30114.105
MinimumVisualStudioVersion = 10.0.40219.1
Project("{FAE04EC0-301F-11D3-BF4B-00C04F79EFBC}") = "API", "API\API.csproj", "{9A68FCA1-3A0A-482B-9B7C-F38E343A1754}"
EndProject
Project("{FAE04EC0-301F-11D3-BF4B-00C04F79EFBC}") = "Core", "Core\Core.csproj", "{F8E3F956-DA81-45B5-B9FB-520195AFC752}"
EndProject
Project("{FAE04EC0-301F-11D3-BF4B-00C04F79EFBC}") = "Infrastructure", "Infrastructure\Infrastructure.csproj", "{0E74A0FA-563D-4867-BFC0-F6E376014F68}"
EndProject
Global
	GlobalSection(SolutionConfigurationPlatforms) = preSolution
		Debug|Any CPU = Debug|Any CPU
		Debug|x64 = Debug|x64
		Debug|x86 = Debug|x86
		Release|Any CPU = Release|Any CPU
		Release|x64 = Release|x64
		Release|x86 = Release|x86
	EndGlobalSection
	GlobalSection(SolutionProperties) = preSolution
		HideSolutionNode = FALSE
	EndGlobalSection
	GlobalSection(ProjectConfigurationPlatforms) = postSolution
		{9A68FCA1-3A0A-482B-9B7C-F38E343A1754}.Debug|Any CPU.ActiveCfg = Debug|Any CPU
		{9A68FCA1-3A0A-482B-9B7C-F38E343A1754}.Debug|Any CPU.Build.0 = Debug|Any CPU
		{9A68FCA1-3A0A-482B-9B7C-F38E343A1754}.Debug|x64.ActiveCfg = Debug|Any CPU
		{9A68FCA1-3A0A-482B-9B7C-F38E343A1754}.Debug|x64.Build.0 = Debug|Any CPU
		{9A68FCA1-3A0A-482B-9B7C-F38E343A1754}.Debug|x86.ActiveCfg = Debug|Any CPU
		{9A68FCA1-3A0A-482B-9B7C-F38E343A1754}.Debug|x86.Build.0 = Debug|Any CPU
		{9A68FCA1-3A0A-482B-9B7C-F38E343A1754}.Release|Any CPU.ActiveCfg = Release|Any CPU
		{9A68FCA1-3A0A-482B-9B7C-F38E343A1754}.Release|Any CPU.Build.0 = Release|Any CPU
		{9A68FCA1-3A0A-482B-9B7C-F38E343A1754}.Release|x64.ActiveCfg = Release|Any CPU
		{9A68FCA1-3A0A-482B-9B7C-F38E343A1754}.Release|x64.Build.0 = Release|Any CPU
		{9A68FCA1-3A0A-482B-9B7C-F38E343A1754}.Release|x86.ActiveCfg = Release|Any CPU
		{9A68FCA1-3A0A-482B-9B7C-F38E343A1754}.Release|x86.Build.0 = Release|Any CPU
		{F8E3F956-DA81-45B5-B9FB-520195AFC752}.Debug|Any CPU.ActiveCfg = Debug|Any CPU
		{F8E3F956-DA81-45B5-B9FB-520195AFC752}.Debug|Any CPU.Build.0 = Debug|Any CPU
		{F8E3F956-DA81-45B5-B9FB-520195AFC752}.Debug|x64.ActiveCfg = Debug|Any CPU
		{F8E3F956-DA81-45B5-B9FB-520195AFC752}.Debug|x64.Build.0 = Debug|Any CPU
		{F8E3F956-DA81-45B5-B9FB-520195AFC752}.Debug|x86.ActiveCfg = Debug|Any CPU
		{F8E3F956-DA81-45B5-B9FB-520195AFC752}.Debug|x86.Build.0 = Debug|Any CPU
		{F8E3F956-DA81-45B5-B9FB-520195AFC752}.Release|Any CPU.ActiveCfg = Release|Any CPU
		{F8E3F956-DA81-45B5-B9FB-520195AFC752}.Release|Any CPU.Build.0 = Release|Any CPU
		{F8E3F956-DA81-45B5-B9FB-520195AFC752}.Release|x64.ActiveCfg = Release|Any CPU
		{F8E3F956-DA81-45B5-B9FB-520195AFC752}.Release|x64.Build.0 = Release|Any CPU
		{F8E3F956-DA81-45B5-B9FB-520195AFC752}.Release|x86.ActiveCfg = Release|Any CPU
		{F8E3F956-DA81-45B5-B9FB-520195AFC752}.Release|x86.Build.0 = Release|Any CPU
		{0E74A0FA-563D-4867-BFC0-F6E376014F68}.Debug|Any CPU.ActiveCfg = Debug|Any CPU
		{0E74A0FA-563D-4867-BFC0-F6E376014F68}.Debug|Any CPU.Build.0 = Debug|Any CPU
		{0E74A0FA-563D-4867-BFC0-F6E376014F68}.Debug|x64.ActiveCfg = Debug|Any CPU
		{0E74A0FA-563D-4867-BFC0-F6E376014F68}.Debug|x64.Build.0 = Debug|Any CPU
		{0E74A0FA-563D-4867-BFC0-F6E376014F68}.Debug|x86.ActiveCfg = Debug|Any CPU
		{0E74A0FA-563D-4867-BFC0-F6E376014F68}.Debug|x86.Build.0 = Debug|Any CPU
		{0E74A0FA-563D-4867-BFC0-F6E376014F68}.Release|Any CPU.ActiveCfg = Release|Any CPU
		{0E74A0FA-563D-4867-BFC0-F6E376014F68}.Release|Any CPU.Build.0 = Release|Any CPU
		{0E74A0FA-563D-4867-BFC0-F6E376014F68}.Release|x64.ActiveCfg = Release|Any CPU
		{0E74A0FA-563D-4867-BFC0-F6E376014F68}.Release|x64.Build.0 = Release|Any CPU
		{0E74A0FA-563D-4867-BFC0-F6E376014F68}.Release|x86.ActiveCfg = Release|Any CPU
		{0E74A0FA-563D-4867-BFC0-F6E376014F68}.Release|x86.Build.0 = Release|Any CPU
	EndGlobalSection
EndGlobal
